
Microsoft Visual Studio Solution File, Format Version 12.00
# Visual Studio Version 16
VisualStudioVersion = 16.0.29728.190
MinimumVisualStudioVersion = 10.0.40219.1
Project("{FAE04EC0-301F-11D3-BF4B-00C04F79EFBC}") = "UMS", "UMS\UMS.csproj", "{97FBACF8-5C7E-4DC2-8AE8-62F4EA6EA40A}"
EndProject
Project("{FAE04EC0-301F-11D3-BF4B-00C04F79EFBC}") = "UMS_BAL", "UMS_BAL\UMS_BAL.csproj", "{9DB9E68B-B820-4A1A-A136-3BD46AD8D3B1}"
EndProject
Project("{FAE04EC0-301F-11D3-BF4B-00C04F79EFBC}") = "UMS_DAL", "UMS_DAL\UMS_DAL.csproj", "{68C9EC56-D977-42CC-92AD-4D5CB13379AF}"
EndProject
Global
	GlobalSection(SolutionConfigurationPlatforms) = preSolution
		Debug|Any CPU = Debug|Any CPU
		Release|Any CPU = Release|Any CPU
	EndGlobalSection
	GlobalSection(ProjectConfigurationPlatforms) = postSolution
		{97FBACF8-5C7E-4DC2-8AE8-62F4EA6EA40A}.Debug|Any CPU.ActiveCfg = Debug|Any CPU
		{97FBACF8-5C7E-4DC2-8AE8-62F4EA6EA40A}.Debug|Any CPU.Build.0 = Debug|Any CPU
		{97FBACF8-5C7E-4DC2-8AE8-62F4EA6EA40A}.Release|Any CPU.ActiveCfg = Release|Any CPU
		{97FBACF8-5C7E-4DC2-8AE8-62F4EA6EA40A}.Release|Any CPU.Build.0 = Release|Any CPU
		{9DB9E68B-B820-4A1A-A136-3BD46AD8D3B1}.Debug|Any CPU.ActiveCfg = Debug|Any CPU
		{9DB9E68B-B820-4A1A-A136-3BD46AD8D3B1}.Debug|Any CPU.Build.0 = Debug|Any CPU
		{9DB9E68B-B820-4A1A-A136-3BD46AD8D3B1}.Release|Any CPU.ActiveCfg = Release|Any CPU
		{9DB9E68B-B820-4A1A-A136-3BD46AD8D3B1}.Release|Any CPU.Build.0 = Release|Any CPU
		{68C9EC56-D977-42CC-92AD-4D5CB13379AF}.Debug|Any CPU.ActiveCfg = Debug|Any CPU
		{68C9EC56-D977-42CC-92AD-4D5CB13379AF}.Debug|Any CPU.Build.0 = Debug|Any CPU
		{68C9EC56-D977-42CC-92AD-4D5CB13379AF}.Release|Any CPU.ActiveCfg = Release|Any CPU
		{68C9EC56-D977-42CC-92AD-4D5CB13379AF}.Release|Any CPU.Build.0 = Release|Any CPU
	EndGlobalSection
	GlobalSection(SolutionProperties) = preSolution
		HideSolutionNode = FALSE
	EndGlobalSection
	GlobalSection(ExtensibilityGlobals) = postSolution
		SolutionGuid = {E6725C1F-FF7A-4E01-ADBF-E0BD7F7B9B8C}
	EndGlobalSection
EndGlobal
